// !$*UTF8*$!
{
	archiveVersion = 1;
	classes = {
	};
	objectVersion = 46;
	objects = {

/* Begin PBXBuildFile section */
		5F389C481B8516FB00945CAB /* AppDelegate.swift in Sources */ = {isa = PBXBuildFile; fileRef = 5F389C471B8516FB00945CAB /* AppDelegate.swift */; };
		5F389C4A1B8516FB00945CAB /* ViewController.swift in Sources */ = {isa = PBXBuildFile; fileRef = 5F389C491B8516FB00945CAB /* ViewController.swift */; };
		5F389C4D1B8516FC00945CAB /* Main.storyboard in Resources */ = {isa = PBXBuildFile; fileRef = 5F389C4B1B8516FC00945CAB /* Main.storyboard */; };
		5F389C4F1B8516FC00945CAB /* Images.xcassets in Resources */ = {isa = PBXBuildFile; fileRef = 5F389C4E1B8516FC00945CAB /* Images.xcassets */; };
		5F389C521B8516FC00945CAB /* LaunchScreen.xib in Resources */ = {isa = PBXBuildFile; fileRef = 5F389C501B8516FC00945CAB /* LaunchScreen.xib */; };
		5F389C5E1B8516FC00945CAB /* CalculatorTests.swift in Sources */ = {isa = PBXBuildFile; fileRef = 5F389C5D1B8516FC00945CAB /* CalculatorTests.swift */; };
/* End PBXBuildFile section */

/* Begin PBXContainerItemProxy section */
		5F389C581B8516FC00945CAB /* PBXContainerItemProxy */ = {
			isa = PBXContainerItemProxy;
			containerPortal = 5F389C3A1B8516FB00945CAB /* Project object */;
			proxyType = 1;
			remoteGlobalIDString = 5F389C411B8516FB00945CAB;
			remoteInfo = Calculator;
		};
/* End PBXContainerItemProxy section */

/* Begin PBXFileReference section */
		5F389C421B8516FB00945CAB /* Calculator.app */ = {isa = PBXFileReference; explicitFileType = wrapper.application; includeInIndex = 0; path = Calculator.app; sourceTree = BUILT_PRODUCTS_DIR; };
		5F389C461B8516FB00945CAB /* Info.plist */ = {isa = PBXFileReference; lastKnownFileType = text.plist.xml; path = Info.plist; sourceTree = "<group>"; };
		5F389C471B8516FB00945CAB /* AppDelegate.swift */ = {isa = PBXFileReference; lastKnownFileType = sourcecode.swift; path = AppDelegate.swift; sourceTree = "<group>"; };
		5F389C491B8516FB00945CAB /* ViewController.swift */ = {isa = PBXFileReference; lastKnownFileType = sourcecode.swift; path = ViewController.swift; sourceTree = "<group>"; };
		5F389C4C1B8516FC00945CAB /* Base */ = {isa = PBXFileReference; lastKnownFileType = file.storyboard; name = Base; path = Base.lproj/Main.storyboard; sourceTree = "<group>"; };
		5F389C4E1B8516FC00945CAB /* Images.xcassets */ = {isa = PBXFileReference; lastKnownFileType = folder.assetcatalog; path = Images.xcassets; sourceTree = "<group>"; };
		5F389C511B8516FC00945CAB /* Base */ = {isa = PBXFileReference; lastKnownFileType = file.xib; name = Base; path = Base.lproj/LaunchScreen.xib; sourceTree = "<group>"; };
		5F389C571B8516FC00945CAB /* CalculatorTests.xctest */ = {isa = PBXFileReference; explicitFileType = wrapper.cfbundle; includeInIndex = 0; path = CalculatorTests.xctest; sourceTree = BUILT_PRODUCTS_DIR; };
		5F389C5C1B8516FC00945CAB /* Info.plist */ = {isa = PBXFileReference; lastKnownFileType = text.plist.xml; path = Info.plist; sourceTree = "<group>"; };
		5F389C5D1B8516FC00945CAB /* CalculatorTests.swift */ = {isa = PBXFileReference; lastKnownFileType = sourcecode.swift; path = CalculatorTests.swift; sourceTree = "<group>"; };
/* End PBXFileReference section */

/* Begin PBXFrameworksBuildPhase section */
		5F389C3F1B8516FB00945CAB /* Frameworks */ = {
			isa = PBXFrameworksBuildPhase;
			buildActionMask = 2147483647;
			files = (
			);
			runOnlyForDeploymentPostprocessing = 0;
		};
		5F389C541B8516FC00945CAB /* Frameworks */ = {
			isa = PBXFrameworksBuildPhase;
			buildActionMask = 2147483647;
			files = (
			);
			runOnlyForDeploymentPostprocessing = 0;
		};
/* End PBXFrameworksBuildPhase section */

/* Begin PBXGroup section */
		5F389C391B8516FB00945CAB = {
			isa = PBXGroup;
			children = (
				5F389C441B8516FB00945CAB /* Calculator */,
				5F389C5A1B8516FC00945CAB /* CalculatorTests */,
				5F389C431B8516FB00945CAB /* Products */,
			);
			sourceTree = "<group>";
		};
		5F389C431B8516FB00945CAB /* Products */ = {
			isa = PBXGroup;
			children = (
				5F389C421B8516FB00945CAB /* Calculator.app */,
				5F389C571B8516FC00945CAB /* CalculatorTests.xctest */,
			);
			name = Products;
			sourceTree = "<group>";
		};
		5F389C441B8516FB00945CAB /* Calculator */ = {
			isa = PBXGroup;
			children = (
				5F389C491B8516FB00945CAB /* ViewController.swift */,
				5F389C4B1B8516FC00945CAB /* Main.storyboard */,
				5F389C451B8516FB00945CAB /* Supporting Files */,
			);
			path = Calculator;
			sourceTree = "<group>";
		};
		5F389C451B8516FB00945CAB /* Supporting Files */ = {
			isa = PBXGroup;
			children = (
				5F389C4E1B8516FC00945CAB /* Images.xcassets */,
				5F389C471B8516FB00945CAB /* AppDelegate.swift */,
				5F389C501B8516FC00945CAB /* LaunchScreen.xib */,
				5F389C461B8516FB00945CAB /* Info.plist */,
			);
			name = "Supporting Files";
			sourceTree = "<group>";
		};
		5F389C5A1B8516FC00945CAB /* CalculatorTests */ = {
			isa = PBXGroup;
			children = (
				5F389C5D1B8516FC00945CAB /* CalculatorTests.swift */,
				5F389C5B1B8516FC00945CAB /* Supporting Files */,
			);
			path = CalculatorTests;
			sourceTree = "<group>";
		};
		5F389C5B1B8516FC00945CAB /* Supporting Files */ = {
			isa = PBXGroup;
			children = (
				5F389C5C1B8516FC00945CAB /* Info.plist */,
			);
			name = "Supporting Files";
			sourceTree = "<group>";
		};
/* End PBXGroup section */

/* Begin PBXNativeTarget section */
		5F389C411B8516FB00945CAB /* Calculator */ = {
			isa = PBXNativeTarget;
			buildConfigurationList = 5F389C611B8516FC00945CAB /* Build configuration list for PBXNativeTarget "Calculator" */;
			buildPhases = (
				5F389C3E1B8516FB00945CAB /* Sources */,
				5F389C3F1B8516FB00945CAB /* Frameworks */,
				5F389C401B8516FB00945CAB /* Resources */,
			);
			buildRules = (
			);
			dependencies = (
			);
			name = Calculator;
			productName = Calculator;
			productReference = 5F389C421B8516FB00945CAB /* Calculator.app */;
			productType = "com.apple.product-type.application";
		};
		5F389C561B8516FC00945CAB /* CalculatorTests */ = {
			isa = PBXNativeTarget;
			buildConfigurationList = 5F389C641B8516FC00945CAB /* Build configuration list for PBXNativeTarget "CalculatorTests" */;
			buildPhases = (
				5F389C531B8516FC00945CAB /* Sources */,
				5F389C541B8516FC00945CAB /* Frameworks */,
				5F389C551B8516FC00945CAB /* Resources */,
			);
			buildRules = (
			);
			dependencies = (
				5F389C591B8516FC00945CAB /* PBXTargetDependency */,
			);
			name = CalculatorTests;
			productName = CalculatorTests;
			productReference = 5F389C571B8516FC00945CAB /* CalculatorTests.xctest */;
			productType = "com.apple.product-type.bundle.unit-test";
		};
/* End PBXNativeTarget section */

/* Begin PBXProject section */
		5F389C3A1B8516FB00945CAB /* Project object */ = {
			isa = PBXProject;
			attributes = {
				LastUpgradeCheck = 0640;
				ORGANIZATIONNAME = "Roeut Chak";
				TargetAttributes = {
					5F389C411B8516FB00945CAB = {
						CreatedOnToolsVersion = 6.4;
					};
					5F389C561B8516FC00945CAB = {
						CreatedOnToolsVersion = 6.4;
						TestTargetID = 5F389C411B8516FB00945CAB;
					};
				};
			};
			buildConfigurationList = 5F389C3D1B8516FB00945CAB /* Build configuration list for PBXProject "Calculator" */;
			compatibilityVersion = "Xcode 3.2";
			developmentRegion = English;
			hasScannedForEncodings = 0;
			knownRegions = (
				en,
				Base,
			);
			mainGroup = 5F389C391B8516FB00945CAB;
			productRefGroup = 5F389C431B8516FB00945CAB /* Products */;
			projectDirPath = "";
			projectRoot = "";
			targets = (
				5F389C411B8516FB00945CAB /* Calculator */,
				5F389C561B8516FC00945CAB /* CalculatorTests */,
			);
		};
/* End PBXProject section */

/* Begin PBXResourcesBuildPhase section */
		5F389C401B8516FB00945CAB /* Resources */ = {
			isa = PBXResourcesBuildPhase;
			buildActionMask = 2147483647;
			files = (
				5F389C4D1B8516FC00945CAB /* Main.storyboard in Resources */,
				5F389C521B8516FC00945CAB /* LaunchScreen.xib in Resources */,
				5F389C4F1B8516FC00945CAB /* Images.xcassets in Resources */,
			);
			runOnlyForDeploymentPostprocessing = 0;
		};
		5F389C551B8516FC00945CAB /* Resources */ = {
			isa = PBXResourcesBuildPhase;
			buildActionMask = 2147483647;
			files = (
			);
			runOnlyForDeploymentPostprocessing = 0;
		};
/* End PBXResourcesBuildPhase section */

/* Begin PBXSourcesBuildPhase section */
		5F389C3E1B8516FB00945CAB /* Sources */ = {
			isa = PBXSourcesBuildPhase;
			buildActionMask = 2147483647;
			files = (
				5F389C4A1B8516FB00945CAB /* ViewController.swift in Sources */,
				5F389C481B8516FB00945CAB /* AppDelegate.swift in Sources */,
			);
			runOnlyForDeploymentPostprocessing = 0;
		};
		5F389C531B8516FC00945CAB /* Sources */ = {
			isa = PBXSourcesBuildPhase;
			buildActionMask = 2147483647;
			files = (
				5F389C5E1B8516FC00945CAB /* CalculatorTests.swift in Sources */,
			);
			runOnlyForDeploymentPostprocessing = 0;
		};
/* End PBXSourcesBuildPhase section */

/* Begin PBXTargetDependency section */
		5F389C591B8516FC00945CAB /* PBXTargetDependency */ = {
			isa = PBXTargetDependency;
			target = 5F389C411B8516FB00945CAB /* Calculator */;
			targetProxy = 5F389C581B8516FC00945CAB /* PBXContainerItemProxy */;
		};
/* End PBXTargetDependency section */

/* Begin PBXVariantGroup section */
		5F389C4B1B8516FC00945CAB /* Main.storyboard */ = {
			isa = PBXVariantGroup;
			children = (
				5F389C4C1B8516FC00945CAB /* Base */,
			);
			name = Main.storyboard;
			sourceTree = "<group>";
		};
		5F389C501B8516FC00945CAB /* LaunchScreen.xib */ = {
			isa = PBXVariantGroup;
			children = (
				5F389C511B8516FC00945CAB /* Base */,
			);
			name = LaunchScreen.xib;
			sourceTree = "<group>";
		};
/* End PBXVariantGroup section */

/* Begin XCBuildConfiguration section */
		5F389C5F1B8516FC00945CAB /* Debug */ = {
			isa = XCBuildConfiguration;
			buildSettings = {
				ALWAYS_SEARCH_USER_PATHS = NO;
				CLANG_CXX_LANGUAGE_STANDARD = "gnu++0x";
				CLANG_CXX_LIBRARY = "libc++";
				CLANG_ENABLE_MODULES = YES;
				CLANG_ENABLE_OBJC_ARC = YES;
				CLANG_WARN_BOOL_CONVERSION = YES;
				CLANG_WARN_CONSTANT_CONVERSION = YES;
				CLANG_WARN_DIRECT_OBJC_ISA_USAGE = YES_ERROR;
				CLANG_WARN_EMPTY_BODY = YES;
				CLANG_WARN_ENUM_CONVERSION = YES;
				CLANG_WARN_INT_CONVERSION = YES;
				CLANG_WARN_OBJC_ROOT_CLASS = YES_ERROR;
				CLANG_WARN_UNREACHABLE_CODE = YES;
				CLANG_WARN__DUPLICATE_METHOD_MATCH = YES;
				"CODE_SIGN_IDENTITY[sdk=iphoneos*]" = "iPhone Developer";
				COPY_PHASE_STRIP = NO;
				DEBUG_INFORMATION_FORMAT = "dwarf-with-dsym";
				ENABLE_STRICT_OBJC_MSGSEND = YES;
				GCC_C_LANGUAGE_STANDARD = gnu99;
				GCC_DYNAMIC_NO_PIC = NO;
				GCC_NO_COMMON_BLOCKS = YES;
				GCC_OPTIMIZATION_LEVEL = 0;
				GCC_PREPROCESSOR_DEFINITIONS = (
					"DEBUG=1",
					"$(inherited)",
				);
				GCC_SYMBOLS_PRIVATE_EXTERN = NO;
				GCC_WARN_64_TO_32_BIT_CONVERSION = YES;
				GCC_WARN_ABOUT_RETURN_TYPE = YES_ERROR;
				GCC_WARN_UNDECLARED_SELECTOR = YES;
				GCC_WARN_UNINITIALIZED_AUTOS = YES_AGGRESSIVE;
				GCC_WARN_UNUSED_FUNCTION = YES;
				GCC_WARN_UNUSED_VARIABLE = YES;
				IPHONEOS_DEPLOYMENT_TARGET = 8.4;
				MTL_ENABLE_DEBUG_INFO = YES;
				ONLY_ACTIVE_ARCH = YES;
				SDKROOT = iphoneos;
				SWIFT_OPTIMIZATION_LEVEL = "-Onone";
				TARGETED_DEVICE_FAMILY = "1,2";
			};
			name = Debug;
		};
		5F389C601B8516FC00945CAB /* Release */ = {
			isa = XCBuildConfiguration;
			buildSettings = {
				ALWAYS_SEARCH_USER_PATHS = NO;
				CLANG_CXX_LANGUAGE_STANDARD = "gnu++0x";
				CLANG_CXX_LIBRARY = "libc++";
				CLANG_ENABLE_MODULES = YES;
				CLANG_ENABLE_OBJC_ARC = YES;
				CLANG_WARN_BOOL_CONVERSION = YES;
				CLANG_WARN_CONSTANT_CONVERSION = YES;
				CLANG_WARN_DIRECT_OBJC_ISA_USAGE = YES_ERROR;
				CLANG_WARN_EMPTY_BODY = YES;
				CLANG_WARN_ENUM_CONVERSION = YES;
				CLANG_WARN_INT_CONVERSION = YES;
				CLANG_WARN_OBJC_ROOT_CLASS = YES_ERROR;
				CLANG_WARN_UNREACHABLE_CODE = YES;
				CLANG_WARN__DUPLICATE_METHOD_MATCH = YES;
				"CODE_SIGN_IDENTITY[sdk=iphoneos*]" = "iPhone Developer";
				COPY_PHASE_STRIP = NO;
				DEBUG_INFORMATION_FORMAT = "dwarf-with-dsym";
				ENABLE_NS_ASSERTIONS = NO;
				ENABLE_STRICT_OBJC_MSGSEND = YES;
				GCC_C_LANGUAGE_STANDARD = gnu99;
				GCC_NO_COMMON_BLOCKS = YES;
				GCC_WARN_64_TO_32_BIT_CONVERSION = YES;
				GCC_WARN_ABOUT_RETURN_TYPE = YES_ERROR;
				GCC_WARN_UNDECLARED_SELECTOR = YES;
				GCC_WARN_UNINITIALIZED_AUTOS = YES_AGGRESSIVE;
				GCC_WARN_UNUSED_FUNCTION = YES;
				GCC_WARN_UNUSED_VARIABLE = YES;
				IPHONEOS_DEPLOYMENT_TARGET = 8.4;
				MTL_ENABLE_DEBUG_INFO = NO;
				SDKROOT = iphoneos;
				TARGETED_DEVICE_FAMILY = "1,2";
				VALIDATE_PRODUCT = YES;
			};
			name = Release;
		};
		5F389C621B8516FC00945CAB /* Debug */ = {
			isa = XCBuildConfiguration;
			buildSettings = {
				ASSETCATALOG_COMPILER_APPICON_NAME = AppIcon;
				INFOPLIST_FILE = Calculator/Info.plist;
				LD_RUNPATH_SEARCH_PATHS = "$(inherited) @executable_path/Frameworks";
				PRODUCT_NAME = "$(TARGET_NAME)";
			};
			name = Debug;
		};
		5F389C631B8516FC00945CAB /* Release */ = {
			isa = XCBuildConfiguration;
			buildSettings = {
				ASSETCATALOG_COMPILER_APPICON_NAME = AppIcon;
				INFOPLIST_FILE = Calculator/Info.plist;
				LD_RUNPATH_SEARCH_PATHS = "$(inherited) @executable_path/Frameworks";
				PRODUCT_NAME = "$(TARGET_NAME)";
			};
			name = Release;
		};
		5F389C651B8516FC00945CAB /* Debug */ = {
			isa = XCBuildConfiguration;
			buildSettings = {
				BUNDLE_LOADER = "$(TEST_HOST)";
				FRAMEWORK_SEARCH_PATHS = (
					"$(SDKROOT)/Developer/Library/Frameworks",
					"$(inherited)",
				);
				GCC_PREPROCESSOR_DEFINITIONS = (
					"DEBUG=1",
					"$(inherited)",
				);
				INFOPLIST_FILE = CalculatorTests/Info.plist;
				LD_RUNPATH_SEARCH_PATHS = "$(inherited) @executable_path/Frameworks @loader_path/Frameworks";
				PRODUCT_NAME = "$(TARGET_NAME)";
				TEST_HOST = "$(BUILT_PRODUCTS_DIR)/Calculator.app/Calculator";
			};
			name = Debug;
		};
		5F389C661B8516FC00945CAB /* Release */ = {
			isa = XCBuildConfiguration;
			buildSettings = {
				BUNDLE_LOADER = "$(TEST_HOST)";
				FRAMEWORK_SEARCH_PATHS = (
					"$(SDKROOT)/Developer/Library/Frameworks",
					"$(inherited)",
				);
				INFOPLIST_FILE = CalculatorTests/Info.plist;
				LD_RUNPATH_SEARCH_PATHS = "$(inherited) @executable_path/Frameworks @loader_path/Frameworks";
				PRODUCT_NAME = "$(TARGET_NAME)";
				TEST_HOST = "$(BUILT_PRODUCTS_DIR)/Calculator.app/Calculator";
			};
			name = Release;
		};
/* End XCBuildConfiguration section */

/* Begin XCConfigurationList section */
		5F389C3D1B8516FB00945CAB /* Build configuration list for PBXProject "Calculator" */ = {
			isa = XCConfigurationList;
			buildConfigurations = (
				5F389C5F1B8516FC00945CAB /* Debug */,
				5F389C601B8516FC00945CAB /* Release */,
			);
			defaultConfigurationIsVisible = 0;
			defaultConfigurationName = Release;
		};
		5F389C611B8516FC00945CAB /* Build configuration list for PBXNativeTarget "Calculator" */ = {
			isa = XCConfigurationList;
			buildConfigurations = (
				5F389C621B8516FC00945CAB /* Debug */,
				5F389C631B8516FC00945CAB /* Release */,
			);
			defaultConfigurationIsVisible = 0;
		};
		5F389C641B8516FC00945CAB /* Build configuration list for PBXNativeTarget "CalculatorTests" */ = {
			isa = XCConfigurationList;
			buildConfigurations = (
				5F389C651B8516FC00945CAB /* Debug */,
				5F389C661B8516FC00945CAB /* Release */,
			);
			defaultConfigurationIsVisible = 0;
		};
/* End XCConfigurationList section */
	};
	rootObject = 5F389C3A1B8516FB00945CAB /* Project object */;
}
